{
  "name": "merge-skills-wa",
  "version": "1.0.0",
  "lockfileVersion": 1,
  "requires": true,
  "dependencies": {
    "watson-assistant-skills-merger": {
      "version": "0.2.3",
      "resolved": "https://registry.npmjs.org/watson-assistant-skills-merger/-/watson-assistant-skills-merger-0.2.3.tgz",
      "integrity": "sha512-JPDHsQawTeBs6rrFuFNGcjBnN57Up64/4xVg2a5RoW9qRKdtq7kIV29DIINOn30iESa0bVWFI/qzUqEY6zVyMg=="
    }
  }
}
